
Microsoft Visual Studio Solution File, Format Version 12.00
# Visual Studio Version 17
VisualStudioVersion = 17.4.33403.182
MinimumVisualStudioVersion = 10.0.40219.1
Project("{FAE04EC0-301F-11D3-BF4B-00C04F79EFBC}") = "01. Diagonal Difference", "01. Count Same Values in Array\01. Diagonal Difference.csproj", "{15C0D25B-221A-43C3-AF17-14EB62CA4DB0}"
EndProject
Project("{FAE04EC0-301F-11D3-BF4B-00C04F79EFBC}") = "02. Squares in Matrix", "02. Average Student Grades\02. Squares in Matrix.csproj", "{79765819-080B-4378-914D-9465064FA7D8}"
EndProject
Project("{FAE04EC0-301F-11D3-BF4B-00C04F79EFBC}") = "03. Maximal Sum", "03. Largest 3 Numbers\03. Maximal Sum.csproj", "{54504BD5-CB6A-412B-89D8-99B07B4942FA}"
EndProject
Project("{FAE04EC0-301F-11D3-BF4B-00C04F79EFBC}") = "04. Matrix Shuffling", "04. Product Shop\04. Matrix Shuffling.csproj", "{2845C811-B6C1-46AD-9C60-03B69B8B3A13}"
EndProject
Project("{FAE04EC0-301F-11D3-BF4B-00C04F79EFBC}") = "05.Snake Moves", "05. Cities by Continent and Country\05.Snake Moves.csproj", "{37FA87E7-949C-4F2B-9A32-71235925A120}"
EndProject
Project("{FAE04EC0-301F-11D3-BF4B-00C04F79EFBC}") = "06. Jagged Array Manipulator", "06. Record Unique Names\06. Jagged Array Manipulator.csproj", "{D5B976D9-0959-4436-B6FE-877F6DE8FCAE}"
EndProject
Project("{FAE04EC0-301F-11D3-BF4B-00C04F79EFBC}") = "07. Knight Game", "07. Parking Lot\07. Knight Game.csproj", "{804CC1EF-032B-4B0A-84B4-F2477E5DEC19}"
EndProject
Project("{FAE04EC0-301F-11D3-BF4B-00C04F79EFBC}") = "08. Bombs", "08. SoftUni Party\08. Bombs.csproj", "{A97A911F-9D56-40DE-8EE0-CDD45E8C2BFB}"
EndProject
Project("{FAE04EC0-301F-11D3-BF4B-00C04F79EFBC}") = "09. Miner", "9. Miner\09. Miner.csproj", "{C37754E8-716B-45E0-9859-9E0056D101AE}"
EndProject
Project("{FAE04EC0-301F-11D3-BF4B-00C04F79EFBC}") = "10. Radioactive Mutant Vampire Bunnies", "10. Radioactive Mutant Vampire Bunnies\10. Radioactive Mutant Vampire Bunnies.csproj", "{5D718C25-3ABE-4853-BF7F-8F9239799DB4}"
EndProject
Global
	GlobalSection(SolutionConfigurationPlatforms) = preSolution
		Debug|Any CPU = Debug|Any CPU
		Release|Any CPU = Release|Any CPU
	EndGlobalSection
	GlobalSection(ProjectConfigurationPlatforms) = postSolution
		{15C0D25B-221A-43C3-AF17-14EB62CA4DB0}.Debug|Any CPU.ActiveCfg = Debug|Any CPU
		{15C0D25B-221A-43C3-AF17-14EB62CA4DB0}.Debug|Any CPU.Build.0 = Debug|Any CPU
		{15C0D25B-221A-43C3-AF17-14EB62CA4DB0}.Release|Any CPU.ActiveCfg = Release|Any CPU
		{15C0D25B-221A-43C3-AF17-14EB62CA4DB0}.Release|Any CPU.Build.0 = Release|Any CPU
		{79765819-080B-4378-914D-9465064FA7D8}.Debug|Any CPU.ActiveCfg = Debug|Any CPU
		{79765819-080B-4378-914D-9465064FA7D8}.Debug|Any CPU.Build.0 = Debug|Any CPU
		{79765819-080B-4378-914D-9465064FA7D8}.Release|Any CPU.ActiveCfg = Release|Any CPU
		{79765819-080B-4378-914D-9465064FA7D8}.Release|Any CPU.Build.0 = Release|Any CPU
		{54504BD5-CB6A-412B-89D8-99B07B4942FA}.Debug|Any CPU.ActiveCfg = Debug|Any CPU
		{54504BD5-CB6A-412B-89D8-99B07B4942FA}.Debug|Any CPU.Build.0 = Debug|Any CPU
		{54504BD5-CB6A-412B-89D8-99B07B4942FA}.Release|Any CPU.ActiveCfg = Release|Any CPU
		{54504BD5-CB6A-412B-89D8-99B07B4942FA}.Release|Any CPU.Build.0 = Release|Any CPU
		{2845C811-B6C1-46AD-9C60-03B69B8B3A13}.Debug|Any CPU.ActiveCfg = Debug|Any CPU
		{2845C811-B6C1-46AD-9C60-03B69B8B3A13}.Debug|Any CPU.Build.0 = Debug|Any CPU
		{2845C811-B6C1-46AD-9C60-03B69B8B3A13}.Release|Any CPU.ActiveCfg = Release|Any CPU
		{2845C811-B6C1-46AD-9C60-03B69B8B3A13}.Release|Any CPU.Build.0 = Release|Any CPU
		{37FA87E7-949C-4F2B-9A32-71235925A120}.Debug|Any CPU.ActiveCfg = Debug|Any CPU
		{37FA87E7-949C-4F2B-9A32-71235925A120}.Debug|Any CPU.Build.0 = Debug|Any CPU
		{37FA87E7-949C-4F2B-9A32-71235925A120}.Release|Any CPU.ActiveCfg = Release|Any CPU
		{37FA87E7-949C-4F2B-9A32-71235925A120}.Release|Any CPU.Build.0 = Release|Any CPU
		{D5B976D9-0959-4436-B6FE-877F6DE8FCAE}.Debug|Any CPU.ActiveCfg = Debug|Any CPU
		{D5B976D9-0959-4436-B6FE-877F6DE8FCAE}.Debug|Any CPU.Build.0 = Debug|Any CPU
		{D5B976D9-0959-4436-B6FE-877F6DE8FCAE}.Release|Any CPU.ActiveCfg = Release|Any CPU
		{D5B976D9-0959-4436-B6FE-877F6DE8FCAE}.Release|Any CPU.Build.0 = Release|Any CPU
		{804CC1EF-032B-4B0A-84B4-F2477E5DEC19}.Debug|Any CPU.ActiveCfg = Debug|Any CPU
		{804CC1EF-032B-4B0A-84B4-F2477E5DEC19}.Debug|Any CPU.Build.0 = Debug|Any CPU
		{804CC1EF-032B-4B0A-84B4-F2477E5DEC19}.Release|Any CPU.ActiveCfg = Release|Any CPU
		{804CC1EF-032B-4B0A-84B4-F2477E5DEC19}.Release|Any CPU.Build.0 = Release|Any CPU
		{A97A911F-9D56-40DE-8EE0-CDD45E8C2BFB}.Debug|Any CPU.ActiveCfg = Debug|Any CPU
		{A97A911F-9D56-40DE-8EE0-CDD45E8C2BFB}.Debug|Any CPU.Build.0 = Debug|Any CPU
		{A97A911F-9D56-40DE-8EE0-CDD45E8C2BFB}.Release|Any CPU.ActiveCfg = Release|Any CPU
		{A97A911F-9D56-40DE-8EE0-CDD45E8C2BFB}.Release|Any CPU.Build.0 = Release|Any CPU
		{C37754E8-716B-45E0-9859-9E0056D101AE}.Debug|Any CPU.ActiveCfg = Debug|Any CPU
		{C37754E8-716B-45E0-9859-9E0056D101AE}.Debug|Any CPU.Build.0 = Debug|Any CPU
		{C37754E8-716B-45E0-9859-9E0056D101AE}.Release|Any CPU.ActiveCfg = Release|Any CPU
		{C37754E8-716B-45E0-9859-9E0056D101AE}.Release|Any CPU.Build.0 = Release|Any CPU
		{5D718C25-3ABE-4853-BF7F-8F9239799DB4}.Debug|Any CPU.ActiveCfg = Debug|Any CPU
		{5D718C25-3ABE-4853-BF7F-8F9239799DB4}.Debug|Any CPU.Build.0 = Debug|Any CPU
		{5D718C25-3ABE-4853-BF7F-8F9239799DB4}.Release|Any CPU.ActiveCfg = Release|Any CPU
		{5D718C25-3ABE-4853-BF7F-8F9239799DB4}.Release|Any CPU.Build.0 = Release|Any CPU
	EndGlobalSection
	GlobalSection(SolutionProperties) = preSolution
		HideSolutionNode = FALSE
	EndGlobalSection
	GlobalSection(ExtensibilityGlobals) = postSolution
		SolutionGuid = {61C81FED-DAC3-4E71-B490-D7F0AC2F2E44}
	EndGlobalSection
EndGlobal
